// !$*UTF8*$!
{
	archiveVersion = 1;
	classes = {
	};
	objectVersion = 46;
	objects = {

/* Begin PBXBuildFile section */
		CDD9D50016FDBD950076FA09 /* UIKit.framework in Frameworks */ = {isa = PBXBuildFile; fileRef = CDD9D4FF16FDBD950076FA09 /* UIKit.framework */; };
		CDD9D50216FDBD950076FA09 /* Foundation.framework in Frameworks */ = {isa = PBXBuildFile; fileRef = CDD9D50116FDBD950076FA09 /* Foundation.framework */; };
		CDD9D50416FDBD950076FA09 /* CoreGraphics.framework in Frameworks */ = {isa = PBXBuildFile; fileRef = CDD9D50316FDBD950076FA09 /* CoreGraphics.framework */; };
		CDD9D50A16FDBD950076FA09 /* InfoPlist.strings in Resources */ = {isa = PBXBuildFile; fileRef = CDD9D50816FDBD950076FA09 /* InfoPlist.strings */; };
		CDD9D50C16FDBD950076FA09 /* main.m in Sources */ = {isa = PBXBuildFile; fileRef = CDD9D50B16FDBD950076FA09 /* main.m */; };
		CDD9D51016FDBD950076FA09 /* AppDelegate.m in Sources */ = {isa = PBXBuildFile; fileRef = CDD9D50F16FDBD950076FA09 /* AppDelegate.m */; };
		CDD9D51216FDBD950076FA09 /* Default.png in Resources */ = {isa = PBXBuildFile; fileRef = CDD9D51116FDBD950076FA09 /* Default.png */; };
		CDD9D51416FDBD950076FA09 /* Default@2x.png in Resources */ = {isa = PBXBuildFile; fileRef = CDD9D51316FDBD950076FA09 /* Default@2x.png */; };
		CDD9D51616FDBD950076FA09 /* Default-568h@2x.png in Resources */ = {isa = PBXBuildFile; fileRef = CDD9D51516FDBD950076FA09 /* Default-568h@2x.png */; };
		CDD9D51916FDBD950076FA09 /* ViewController.m in Sources */ = {isa = PBXBuildFile; fileRef = CDD9D51816FDBD950076FA09 /* ViewController.m */; };
		CDD9D51C16FDBD950076FA09 /* ViewController.xib in Resources */ = {isa = PBXBuildFile; fileRef = CDD9D51A16FDBD950076FA09 /* ViewController.xib */; };
/* End PBXBuildFile section */

/* Begin PBXFileReference section */
		CDD9D4FC16FDBD950076FA09 /* Demo.app */ = {isa = PBXFileReference; explicitFileType = wrapper.application; includeInIndex = 0; path = Demo.app; sourceTree = BUILT_PRODUCTS_DIR; };
		CDD9D4FF16FDBD950076FA09 /* UIKit.framework */ = {isa = PBXFileReference; lastKnownFileType = wrapper.framework; name = UIKit.framework; path = System/Library/Frameworks/UIKit.framework; sourceTree = SDKROOT; };
		CDD9D50116FDBD950076FA09 /* Foundation.framework */ = {isa = PBXFileReference; lastKnownFileType = wrapper.framework; name = Foundation.framework; path = System/Library/Frameworks/Foundation.framework; sourceTree = SDKROOT; };
		CDD9D50316FDBD950076FA09 /* CoreGraphics.framework */ = {isa = PBXFileReference; lastKnownFileType = wrapper.framework; name = CoreGraphics.framework; path = System/Library/Frameworks/CoreGraphics.framework; sourceTree = SDKROOT; };
		CDD9D50716FDBD950076FA09 /* Demo-Info.plist */ = {isa = PBXFileReference; lastKnownFileType = text.plist.xml; path = "Demo-Info.plist"; sourceTree = "<group>"; };
		CDD9D50916FDBD950076FA09 /* en */ = {isa = PBXFileReference; lastKnownFileType = text.plist.strings; name = en; path = en.lproj/InfoPlist.strings; sourceTree = "<group>"; };
		CDD9D50B16FDBD950076FA09 /* main.m */ = {isa = PBXFileReference; lastKnownFileType = sourcecode.c.objc; path = main.m; sourceTree = "<group>"; };
		CDD9D50D16FDBD950076FA09 /* Demo-Prefix.pch */ = {isa = PBXFileReference; lastKnownFileType = sourcecode.c.h; path = "Demo-Prefix.pch"; sourceTree = "<group>"; };
		CDD9D50E16FDBD950076FA09 /* AppDelegate.h */ = {isa = PBXFileReference; lastKnownFileType = sourcecode.c.h; path = AppDelegate.h; sourceTree = "<group>"; };
		CDD9D50F16FDBD950076FA09 /* AppDelegate.m */ = {isa = PBXFileReference; lastKnownFileType = sourcecode.c.objc; path = AppDelegate.m; sourceTree = "<group>"; };
		CDD9D51116FDBD950076FA09 /* Default.png */ = {isa = PBXFileReference; lastKnownFileType = image.png; path = Default.png; sourceTree = "<group>"; };
		CDD9D51316FDBD950076FA09 /* Default@2x.png */ = {isa = PBXFileReference; lastKnownFileType = image.png; path = "Default@2x.png"; sourceTree = "<group>"; };
		CDD9D51516FDBD950076FA09 /* Default-568h@2x.png */ = {isa = PBXFileReference; lastKnownFileType = image.png; path = "Default-568h@2x.png"; sourceTree = "<group>"; };
		CDD9D51716FDBD950076FA09 /* ViewController.h */ = {isa = PBXFileReference; lastKnownFileType = sourcecode.c.h; path = ViewController.h; sourceTree = "<group>"; };
		CDD9D51816FDBD950076FA09 /* ViewController.m */ = {isa = PBXFileReference; lastKnownFileType = sourcecode.c.objc; path = ViewController.m; sourceTree = "<group>"; };
		CDD9D51B16FDBD950076FA09 /* en */ = {isa = PBXFileReference; lastKnownFileType = file.xib; name = en; path = en.lproj/ViewController.xib; sourceTree = "<group>"; };
/* End PBXFileReference section */

/* Begin PBXFrameworksBuildPhase section */
		CDD9D4F916FDBD950076FA09 /* Frameworks */ = {
			isa = PBXFrameworksBuildPhase;
			buildActionMask = 2147483647;
			files = (
				CDD9D50016FDBD950076FA09 /* UIKit.framework in Frameworks */,
				CDD9D50216FDBD950076FA09 /* Foundation.framework in Frameworks */,
				CDD9D50416FDBD950076FA09 /* CoreGraphics.framework in Frameworks */,
			);
			runOnlyForDeploymentPostprocessing = 0;
		};
/* End PBXFrameworksBuildPhase section */

/* Begin PBXGroup section */
		CDD9D4F316FDBD950076FA09 = {
			isa = PBXGroup;
			children = (
				CDD9D50516FDBD950076FA09 /* Demo */,
				CDD9D4FE16FDBD950076FA09 /* Frameworks */,
				CDD9D4FD16FDBD950076FA09 /* Products */,
			);
			sourceTree = "<group>";
		};
		CDD9D4FD16FDBD950076FA09 /* Products */ = {
			isa = PBXGroup;
			children = (
				CDD9D4FC16FDBD950076FA09 /* Demo.app */,
			);
			name = Products;
			sourceTree = "<group>";
		};
		CDD9D4FE16FDBD950076FA09 /* Frameworks */ = {
			isa = PBXGroup;
			children = (
				CDD9D4FF16FDBD950076FA09 /* UIKit.framework */,
				CDD9D50116FDBD950076FA09 /* Foundation.framework */,
				CDD9D50316FDBD950076FA09 /* CoreGraphics.framework */,
			);
			name = Frameworks;
			sourceTree = "<group>";
		};
		CDD9D50516FDBD950076FA09 /* Demo */ = {
			isa = PBXGroup;
			children = (
				CDD9D50E16FDBD950076FA09 /* AppDelegate.h */,
				CDD9D50F16FDBD950076FA09 /* AppDelegate.m */,
				CDD9D51716FDBD950076FA09 /* ViewController.h */,
				CDD9D51816FDBD950076FA09 /* ViewController.m */,
				CDD9D51A16FDBD950076FA09 /* ViewController.xib */,
				CDD9D50616FDBD950076FA09 /* Supporting Files */,
			);
			path = Demo;
			sourceTree = "<group>";
		};
		CDD9D50616FDBD950076FA09 /* Supporting Files */ = {
			isa = PBXGroup;
			children = (
				CDD9D50716FDBD950076FA09 /* Demo-Info.plist */,
				CDD9D50816FDBD950076FA09 /* InfoPlist.strings */,
				CDD9D50B16FDBD950076FA09 /* main.m */,
				CDD9D50D16FDBD950076FA09 /* Demo-Prefix.pch */,
				CDD9D51116FDBD950076FA09 /* Default.png */,
				CDD9D51316FDBD950076FA09 /* Default@2x.png */,
				CDD9D51516FDBD950076FA09 /* Default-568h@2x.png */,
			);
			name = "Supporting Files";
			sourceTree = "<group>";
		};
/* End PBXGroup section */

/* Begin PBXNativeTarget section */
		CDD9D4FB16FDBD950076FA09 /* Demo */ = {
			isa = PBXNativeTarget;
			buildConfigurationList = CDD9D51F16FDBD950076FA09 /* Build configuration list for PBXNativeTarget "Demo" */;
			buildPhases = (
				CDD9D4F816FDBD950076FA09 /* Sources */,
				CDD9D4F916FDBD950076FA09 /* Frameworks */,
				CDD9D4FA16FDBD950076FA09 /* Resources */,
			);
			buildRules = (
			);
			dependencies = (
			);
			name = Demo;
			productName = Demo;
			productReference = CDD9D4FC16FDBD950076FA09 /* Demo.app */;
			productType = "com.apple.product-type.application";
		};
/* End PBXNativeTarget section */

/* Begin PBXProject section */
		CDD9D4F416FDBD950076FA09 /* Project object */ = {
			isa = PBXProject;
			attributes = {
				LastUpgradeCheck = 0460;
				ORGANIZATIONNAME = TechMaster;
			};
			buildConfigurationList = CDD9D4F716FDBD950076FA09 /* Build configuration list for PBXProject "Demo" */;
			compatibilityVersion = "Xcode 3.2";
			developmentRegion = English;
			hasScannedForEncodings = 0;
			knownRegions = (
				en,
			);
			mainGroup = CDD9D4F316FDBD950076FA09;
			productRefGroup = CDD9D4FD16FDBD950076FA09 /* Products */;
			projectDirPath = "";
			projectRoot = "";
			targets = (
				CDD9D4FB16FDBD950076FA09 /* Demo */,
			);
		};
/* End PBXProject section */

/* Begin PBXResourcesBuildPhase section */
		CDD9D4FA16FDBD950076FA09 /* Resources */ = {
			isa = PBXResourcesBuildPhase;
			buildActionMask = 2147483647;
			files = (
				CDD9D50A16FDBD950076FA09 /* InfoPlist.strings in Resources */,
				CDD9D51216FDBD950076FA09 /* Default.png in Resources */,
				CDD9D51416FDBD950076FA09 /* Default@2x.png in Resources */,
				CDD9D51616FDBD950076FA09 /* Default-568h@2x.png in Resources */,
				CDD9D51C16FDBD950076FA09 /* ViewController.xib in Resources */,
			);
			runOnlyForDeploymentPostprocessing = 0;
		};
/* End PBXResourcesBuildPhase section */

/* Begin PBXSourcesBuildPhase section */
		CDD9D4F816FDBD950076FA09 /* Sources */ = {
			isa = PBXSourcesBuildPhase;
			buildActionMask = 2147483647;
			files = (
				CDD9D50C16FDBD950076FA09 /* main.m in Sources */,
				CDD9D51016FDBD950076FA09 /* AppDelegate.m in Sources */,
				CDD9D51916FDBD950076FA09 /* ViewController.m in Sources */,
			);
			runOnlyForDeploymentPostprocessing = 0;
		};
/* End PBXSourcesBuildPhase section */

/* Begin PBXVariantGroup section */
		CDD9D50816FDBD950076FA09 /* InfoPlist.strings */ = {
			isa = PBXVariantGroup;
			children = (
				CDD9D50916FDBD950076FA09 /* en */,
			);
			name = InfoPlist.strings;
			sourceTree = "<group>";
		};
		CDD9D51A16FDBD950076FA09 /* ViewController.xib */ = {
			isa = PBXVariantGroup;
			children = (
				CDD9D51B16FDBD950076FA09 /* en */,
			);
			name = ViewController.xib;
			sourceTree = "<group>";
		};
/* End PBXVariantGroup section */

/* Begin XCBuildConfiguration section */
		CDD9D51D16FDBD950076FA09 /* Debug */ = {
			isa = XCBuildConfiguration;
			buildSettings = {
				ALWAYS_SEARCH_USER_PATHS = NO;
				CLANG_CXX_LANGUAGE_STANDARD = "gnu++0x";
				CLANG_CXX_LIBRARY = "libc++";
				CLANG_ENABLE_OBJC_ARC = YES;
				CLANG_WARN_CONSTANT_CONVERSION = YES;
				CLANG_WARN_EMPTY_BODY = YES;
				CLANG_WARN_ENUM_CONVERSION = YES;
				CLANG_WARN_INT_CONVERSION = YES;
				CLANG_WARN__DUPLICATE_METHOD_MATCH = YES;
				"CODE_SIGN_IDENTITY[sdk=iphoneos*]" = "iPhone Developer";
				COPY_PHASE_STRIP = NO;
				GCC_C_LANGUAGE_STANDARD = gnu99;
				GCC_DYNAMIC_NO_PIC = NO;
				GCC_OPTIMIZATION_LEVEL = 0;
				GCC_PREPROCESSOR_DEFINITIONS = (
					"DEBUG=1",
					"$(inherited)",
				);
				GCC_SYMBOLS_PRIVATE_EXTERN = NO;
				GCC_WARN_ABOUT_RETURN_TYPE = YES;
				GCC_WARN_UNINITIALIZED_AUTOS = YES;
				GCC_WARN_UNUSED_VARIABLE = YES;
				IPHONEOS_DEPLOYMENT_TARGET = 6.1;
				ONLY_ACTIVE_ARCH = YES;
				SDKROOT = iphoneos;
			};
			name = Debug;
		};
		CDD9D51E16FDBD950076FA09 /* Release */ = {
			isa = XCBuildConfiguration;
			buildSettings = {
				ALWAYS_SEARCH_USER_PATHS = NO;
				CLANG_CXX_LANGUAGE_STANDARD = "gnu++0x";
				CLANG_CXX_LIBRARY = "libc++";
				CLANG_ENABLE_OBJC_ARC = YES;
				CLANG_WARN_CONSTANT_CONVERSION = YES;
				CLANG_WARN_EMPTY_BODY = YES;
				CLANG_WARN_ENUM_CONVERSION = YES;
				CLANG_WARN_INT_CONVERSION = YES;
				CLANG_WARN__DUPLICATE_METHOD_MATCH = YES;
				"CODE_SIGN_IDENTITY[sdk=iphoneos*]" = "iPhone Developer";
				COPY_PHASE_STRIP = YES;
				GCC_C_LANGUAGE_STANDARD = gnu99;
				GCC_WARN_ABOUT_RETURN_TYPE = YES;
				GCC_WARN_UNINITIALIZED_AUTOS = YES;
				GCC_WARN_UNUSED_VARIABLE = YES;
				IPHONEOS_DEPLOYMENT_TARGET = 6.1;
				OTHER_CFLAGS = "-DNS_BLOCK_ASSERTIONS=1";
				SDKROOT = iphoneos;
				VALIDATE_PRODUCT = YES;
			};
			name = Release;
		};
		CDD9D52016FDBD950076FA09 /* Debug */ = {
			isa = XCBuildConfiguration;
			buildSettings = {
				GCC_PRECOMPILE_PREFIX_HEADER = YES;
				GCC_PREFIX_HEADER = "Demo/Demo-Prefix.pch";
				INFOPLIST_FILE = "Demo/Demo-Info.plist";
				PRODUCT_NAME = "$(TARGET_NAME)";
				WRAPPER_EXTENSION = app;
			};
			name = Debug;
		};
		CDD9D52116FDBD950076FA09 /* Release */ = {
			isa = XCBuildConfiguration;
			buildSettings = {
				GCC_PRECOMPILE_PREFIX_HEADER = YES;
				GCC_PREFIX_HEADER = "Demo/Demo-Prefix.pch";
				INFOPLIST_FILE = "Demo/Demo-Info.plist";
				PRODUCT_NAME = "$(TARGET_NAME)";
				WRAPPER_EXTENSION = app;
			};
			name = Release;
		};
/* End XCBuildConfiguration section */

/* Begin XCConfigurationList section */
		CDD9D4F716FDBD950076FA09 /* Build configuration list for PBXProject "Demo" */ = {
			isa = XCConfigurationList;
			buildConfigurations = (
				CDD9D51D16FDBD950076FA09 /* Debug */,
				CDD9D51E16FDBD950076FA09 /* Release */,
			);
			defaultConfigurationIsVisible = 0;
			defaultConfigurationName = Release;
		};
		CDD9D51F16FDBD950076FA09 /* Build configuration list for PBXNativeTarget "Demo" */ = {
			isa = XCConfigurationList;
			buildConfigurations = (
				CDD9D52016FDBD950076FA09 /* Debug */,
				CDD9D52116FDBD950076FA09 /* Release */,
			);
			defaultConfigurationIsVisible = 0;
		};
/* End XCConfigurationList section */
	};
	rootObject = CDD9D4F416FDBD950076FA09 /* Project object */;
}
